// !$*UTF8*$!
{
	archiveVersion = 1;
	classes = {
	};
	objectVersion = 46;
	objects = {

/* Begin PBXBuildFile section */
		B33448D71BD00A0000CC9D93 /* TableViewDataSourceableSpec.swift in Sources */ = {isa = PBXBuildFile; fileRef = B33448D61BD00A0000CC9D93 /* TableViewDataSourceableSpec.swift */; };
		B34ADF0C1BCD7622007CE244 /* SectionTypeSpec.swift in Sources */ = {isa = PBXBuildFile; fileRef = B34ADF0B1BCD7622007CE244 /* SectionTypeSpec.swift */; };
		B3578A341C32B92A00D1E340 /* TableViewDataSource.swift in Sources */ = {isa = PBXBuildFile; fileRef = B3578A331C32B92A00D1E340 /* TableViewDataSource.swift */; };
		B3578A391C32B9DC00D1E340 /* TableViewDataSourceProxy.swift in Sources */ = {isa = PBXBuildFile; fileRef = B3578A381C32B9DC00D1E340 /* TableViewDataSourceProxy.swift */; };
		B3578A3B1C32BE6A00D1E340 /* CollectionViewDataSource.swift in Sources */ = {isa = PBXBuildFile; fileRef = B3578A3A1C32BE6A00D1E340 /* CollectionViewDataSource.swift */; };
		B3578A3D1C32C0E900D1E340 /* CollectionViewDataSourceProxy.swift in Sources */ = {isa = PBXBuildFile; fileRef = B3578A3C1C32C0E900D1E340 /* CollectionViewDataSourceProxy.swift */; };
		B3578A421C32C65A00D1E340 /* ElementsContaining.swift in Sources */ = {isa = PBXBuildFile; fileRef = B3578A411C32C65A00D1E340 /* ElementsContaining.swift */; };
		B397D7E71BCD7365007687CD /* SectionableSpec.swift in Sources */ = {isa = PBXBuildFile; fileRef = B397D7E61BCD7365007687CD /* SectionableSpec.swift */; };
		B397D7E91BCD7393007687CD /* DataSourceTypeSpec.swift in Sources */ = {isa = PBXBuildFile; fileRef = B397D7E81BCD7393007687CD /* DataSourceTypeSpec.swift */; };
		B3AF7ECB1BD7E9A700EA4D88 /* CollectionViewDataSourceableSpec.swift in Sources */ = {isa = PBXBuildFile; fileRef = B3AF7ECA1BD7E9A700EA4D88 /* CollectionViewDataSourceableSpec.swift */; };
		B3CC84F11BD8C8160099CE3B /* UITableView.swift in Sources */ = {isa = PBXBuildFile; fileRef = B3CC84F01BD8C8160099CE3B /* UITableView.swift */; };
		B3E89A871BCCDFB900C0FB4C /* DataSourceable.h in Headers */ = {isa = PBXBuildFile; fileRef = B3E89A861BCCDFB900C0FB4C /* DataSourceable.h */; settings = {ATTRIBUTES = (Public, ); }; };
		B3E89A8E1BCCDFBA00C0FB4C /* DataSourceable.framework in Frameworks */ = {isa = PBXBuildFile; fileRef = B3E89A831BCCDFB900C0FB4C /* DataSourceable.framework */; };
		B3E89A9E1BCCDFD800C0FB4C /* State.swift in Sources */ = {isa = PBXBuildFile; fileRef = B3E89A9D1BCCDFD800C0FB4C /* State.swift */; };
		B3E89AA01BCCDFF600C0FB4C /* EmptyCheckable.swift in Sources */ = {isa = PBXBuildFile; fileRef = B3E89A9F1BCCDFF600C0FB4C /* EmptyCheckable.swift */; };
		B3E89AA21BCCE02E00C0FB4C /* Loadable.swift in Sources */ = {isa = PBXBuildFile; fileRef = B3E89AA11BCCE02E00C0FB4C /* Loadable.swift */; };
		B3E89AA41BCCE05100C0FB4C /* DataContaining.swift in Sources */ = {isa = PBXBuildFile; fileRef = B3E89AA31BCCE05100C0FB4C /* DataContaining.swift */; };
		B3E89AA61BCCE05D00C0FB4C /* SectionType.swift in Sources */ = {isa = PBXBuildFile; fileRef = B3E89AA51BCCE05D00C0FB4C /* SectionType.swift */; };
		B3E89AA91BCCE0D500C0FB4C /* Sectionable.swift in Sources */ = {isa = PBXBuildFile; fileRef = B3E89AA81BCCE0D500C0FB4C /* Sectionable.swift */; };
		B3E89AAB1BCCE10F00C0FB4C /* TableViewDataSourceable.swift in Sources */ = {isa = PBXBuildFile; fileRef = B3E89AAA1BCCE10F00C0FB4C /* TableViewDataSourceable.swift */; };
		B3E89AAD1BCCE16A00C0FB4C /* CollectionViewDataSourceable.swift in Sources */ = {isa = PBXBuildFile; fileRef = B3E89AAC1BCCE16A00C0FB4C /* CollectionViewDataSourceable.swift */; };
		B3E89AAF1BCCE1E300C0FB4C /* LoadableSpec.swift in Sources */ = {isa = PBXBuildFile; fileRef = B3E89AAE1BCCE1E300C0FB4C /* LoadableSpec.swift */; };
		B3E89AB41BCCEAD300C0FB4C /* Quick.framework in Frameworks */ = {isa = PBXBuildFile; fileRef = B3E89AB31BCCEAD300C0FB4C /* Quick.framework */; };
		B3E89AB61BCCED6B00C0FB4C /* Nimble.framework in Frameworks */ = {isa = PBXBuildFile; fileRef = B3E89AB51BCCED6B00C0FB4C /* Nimble.framework */; };
/* End PBXBuildFile section */

/* Begin PBXContainerItemProxy section */
		B3E89A8F1BCCDFBA00C0FB4C /* PBXContainerItemProxy */ = {
			isa = PBXContainerItemProxy;
			containerPortal = B3E89A7A1BCCDFB900C0FB4C /* Project object */;
			proxyType = 1;
			remoteGlobalIDString = B3E89A821BCCDFB900C0FB4C;
			remoteInfo = DataSourceable;
		};
/* End PBXContainerItemProxy section */

/* Begin PBXFileReference section */
		B33448D61BD00A0000CC9D93 /* TableViewDataSourceableSpec.swift */ = {isa = PBXFileReference; fileEncoding = 4; lastKnownFileType = sourcecode.swift; path = TableViewDataSourceableSpec.swift; sourceTree = "<group>"; };
		B34ADF0B1BCD7622007CE244 /* SectionTypeSpec.swift */ = {isa = PBXFileReference; fileEncoding = 4; lastKnownFileType = sourcecode.swift; path = SectionTypeSpec.swift; sourceTree = "<group>"; };
		B3578A331C32B92A00D1E340 /* TableViewDataSource.swift */ = {isa = PBXFileReference; fileEncoding = 4; lastKnownFileType = sourcecode.swift; path = TableViewDataSource.swift; sourceTree = "<group>"; };
		B3578A381C32B9DC00D1E340 /* TableViewDataSourceProxy.swift */ = {isa = PBXFileReference; fileEncoding = 4; lastKnownFileType = sourcecode.swift; path = TableViewDataSourceProxy.swift; sourceTree = "<group>"; };
		B3578A3A1C32BE6A00D1E340 /* CollectionViewDataSource.swift */ = {isa = PBXFileReference; fileEncoding = 4; lastKnownFileType = sourcecode.swift; path = CollectionViewDataSource.swift; sourceTree = "<group>"; };
		B3578A3C1C32C0E900D1E340 /* CollectionViewDataSourceProxy.swift */ = {isa = PBXFileReference; fileEncoding = 4; lastKnownFileType = sourcecode.swift; path = CollectionViewDataSourceProxy.swift; sourceTree = "<group>"; };
		B3578A411C32C65A00D1E340 /* ElementsContaining.swift */ = {isa = PBXFileReference; fileEncoding = 4; lastKnownFileType = sourcecode.swift; path = ElementsContaining.swift; sourceTree = "<group>"; };
		B362D0E01BDFEFE700BE12DE /* README.playground */ = {isa = PBXFileReference; lastKnownFileType = file.playground; path = README.playground; sourceTree = "<group>"; };
		B397D7E61BCD7365007687CD /* SectionableSpec.swift */ = {isa = PBXFileReference; fileEncoding = 4; lastKnownFileType = sourcecode.swift; path = SectionableSpec.swift; sourceTree = "<group>"; };
		B397D7E81BCD7393007687CD /* DataSourceTypeSpec.swift */ = {isa = PBXFileReference; fileEncoding = 4; lastKnownFileType = sourcecode.swift; name = DataSourceTypeSpec.swift; path = DataSourceableTests/DataSourceTypeSpec.swift; sourceTree = SOURCE_ROOT; };
		B3AF7ECA1BD7E9A700EA4D88 /* CollectionViewDataSourceableSpec.swift */ = {isa = PBXFileReference; fileEncoding = 4; lastKnownFileType = sourcecode.swift; path = CollectionViewDataSourceableSpec.swift; sourceTree = "<group>"; };
		B3CC84EF1BD8C4F40099CE3B /* README.md */ = {isa = PBXFileReference; lastKnownFileType = net.daringfireball.markdown; path = README.md; sourceTree = "<group>"; };
		B3CC84F01BD8C8160099CE3B /* UITableView.swift */ = {isa = PBXFileReference; fileEncoding = 4; lastKnownFileType = sourcecode.swift; path = UITableView.swift; sourceTree = "<group>"; };
		B3E89A831BCCDFB900C0FB4C /* DataSourceable.framework */ = {isa = PBXFileReference; explicitFileType = wrapper.framework; includeInIndex = 0; path = DataSourceable.framework; sourceTree = BUILT_PRODUCTS_DIR; };
		B3E89A861BCCDFB900C0FB4C /* DataSourceable.h */ = {isa = PBXFileReference; lastKnownFileType = sourcecode.c.h; path = DataSourceable.h; sourceTree = "<group>"; };
		B3E89A881BCCDFBA00C0FB4C /* Info.plist */ = {isa = PBXFileReference; lastKnownFileType = text.plist.xml; path = Info.plist; sourceTree = "<group>"; };
		B3E89A8D1BCCDFBA00C0FB4C /* DataSourceableTests.xctest */ = {isa = PBXFileReference; explicitFileType = wrapper.cfbundle; includeInIndex = 0; path = DataSourceableTests.xctest; sourceTree = BUILT_PRODUCTS_DIR; };
		B3E89A941BCCDFBA00C0FB4C /* Info.plist */ = {isa = PBXFileReference; lastKnownFileType = text.plist.xml; path = Info.plist; sourceTree = "<group>"; };
		B3E89A9D1BCCDFD800C0FB4C /* State.swift */ = {isa = PBXFileReference; fileEncoding = 4; lastKnownFileType = sourcecode.swift; path = State.swift; sourceTree = "<group>"; };
		B3E89A9F1BCCDFF600C0FB4C /* EmptyCheckable.swift */ = {isa = PBXFileReference; fileEncoding = 4; lastKnownFileType = sourcecode.swift; path = EmptyCheckable.swift; sourceTree = "<group>"; };
		B3E89AA11BCCE02E00C0FB4C /* Loadable.swift */ = {isa = PBXFileReference; fileEncoding = 4; lastKnownFileType = sourcecode.swift; path = Loadable.swift; sourceTree = "<group>"; };
		B3E89AA31BCCE05100C0FB4C /* DataContaining.swift */ = {isa = PBXFileReference; fileEncoding = 4; lastKnownFileType = sourcecode.swift; path = DataContaining.swift; sourceTree = "<group>"; };
		B3E89AA51BCCE05D00C0FB4C /* SectionType.swift */ = {isa = PBXFileReference; fileEncoding = 4; lastKnownFileType = sourcecode.swift; path = SectionType.swift; sourceTree = "<group>"; };
		B3E89AA81BCCE0D500C0FB4C /* Sectionable.swift */ = {isa = PBXFileReference; fileEncoding = 4; lastKnownFileType = sourcecode.swift; path = Sectionable.swift; sourceTree = "<group>"; };
		B3E89AAA1BCCE10F00C0FB4C /* TableViewDataSourceable.swift */ = {isa = PBXFileReference; fileEncoding = 4; lastKnownFileType = sourcecode.swift; path = TableViewDataSourceable.swift; sourceTree = "<group>"; };
		B3E89AAC1BCCE16A00C0FB4C /* CollectionViewDataSourceable.swift */ = {isa = PBXFileReference; fileEncoding = 4; lastKnownFileType = sourcecode.swift; path = CollectionViewDataSourceable.swift; sourceTree = "<group>"; };
		B3E89AAE1BCCE1E300C0FB4C /* LoadableSpec.swift */ = {isa = PBXFileReference; fileEncoding = 4; lastKnownFileType = sourcecode.swift; path = LoadableSpec.swift; sourceTree = "<group>"; };
		B3E89AB01BCCEA6A00C0FB4C /* Cartfile.private */ = {isa = PBXFileReference; fileEncoding = 4; lastKnownFileType = text; path = Cartfile.private; sourceTree = "<group>"; };
		B3E89AB31BCCEAD300C0FB4C /* Quick.framework */ = {isa = PBXFileReference; lastKnownFileType = wrapper.framework; name = Quick.framework; path = Carthage/Build/iOS/Quick.framework; sourceTree = SOURCE_ROOT; };
		B3E89AB51BCCED6B00C0FB4C /* Nimble.framework */ = {isa = PBXFileReference; lastKnownFileType = wrapper.framework; name = Nimble.framework; path = Carthage/Build/iOS/Nimble.framework; sourceTree = SOURCE_ROOT; };
/* End PBXFileReference section */

/* Begin PBXFrameworksBuildPhase section */
		B3E89A7F1BCCDFB900C0FB4C /* Frameworks */ = {
			isa = PBXFrameworksBuildPhase;
			buildActionMask = 2147483647;
			files = (
			);
			runOnlyForDeploymentPostprocessing = 0;
		};
		B3E89A8A1BCCDFBA00C0FB4C /* Frameworks */ = {
			isa = PBXFrameworksBuildPhase;
			buildActionMask = 2147483647;
			files = (
				B3E89AB61BCCED6B00C0FB4C /* Nimble.framework in Frameworks */,
				B3E89AB41BCCEAD300C0FB4C /* Quick.framework in Frameworks */,
				B3E89A8E1BCCDFBA00C0FB4C /* DataSourceable.framework in Frameworks */,
			);
			runOnlyForDeploymentPostprocessing = 0;
		};
/* End PBXFrameworksBuildPhase section */

/* Begin PBXGroup section */
		B3E89A791BCCDFB900C0FB4C = {
			isa = PBXGroup;
			children = (
				B362D0E01BDFEFE700BE12DE /* README.playground */,
				B3CC84EF1BD8C4F40099CE3B /* README.md */,
				B3E89AB01BCCEA6A00C0FB4C /* Cartfile.private */,
				B3E89A851BCCDFB900C0FB4C /* DataSourceable */,
				B3E89A911BCCDFBA00C0FB4C /* DataSourceableTests */,
				B3E89A841BCCDFB900C0FB4C /* Products */,
			);
			sourceTree = "<group>";
		};
		B3E89A841BCCDFB900C0FB4C /* Products */ = {
			isa = PBXGroup;
			children = (
				B3E89A831BCCDFB900C0FB4C /* DataSourceable.framework */,
				B3E89A8D1BCCDFBA00C0FB4C /* DataSourceableTests.xctest */,
			);
			name = Products;
			sourceTree = "<group>";
		};
		B3E89A851BCCDFB900C0FB4C /* DataSourceable */ = {
			isa = PBXGroup;
			children = (
				B3E89A9D1BCCDFD800C0FB4C /* State.swift */,
				B3E89AA71BCCE09C00C0FB4C /* Protocols */,
				B3E89A861BCCDFB900C0FB4C /* DataSourceable.h */,
				B3E89A881BCCDFBA00C0FB4C /* Info.plist */,
				B3CC84F01BD8C8160099CE3B /* UITableView.swift */,
			);
			path = DataSourceable;
			sourceTree = "<group>";
		};
		B3E89A911BCCDFBA00C0FB4C /* DataSourceableTests */ = {
			isa = PBXGroup;
			children = (
				B3E89A941BCCDFBA00C0FB4C /* Info.plist */,
				B397D7E81BCD7393007687CD /* DataSourceTypeSpec.swift */,
				B34ADF0B1BCD7622007CE244 /* SectionTypeSpec.swift */,
				B3E89AAE1BCCE1E300C0FB4C /* LoadableSpec.swift */,
				B397D7E61BCD7365007687CD /* SectionableSpec.swift */,
				B33448D61BD00A0000CC9D93 /* TableViewDataSourceableSpec.swift */,
				B3AF7ECA1BD7E9A700EA4D88 /* CollectionViewDataSourceableSpec.swift */,
				B3E89AB21BCCEABD00C0FB4C /* Frameworks */,
			);
			path = DataSourceableTests;
			sourceTree = "<group>";
		};
		B3E89AA71BCCE09C00C0FB4C /* Protocols */ = {
			isa = PBXGroup;
			children = (
				B3578A411C32C65A00D1E340 /* ElementsContaining.swift */,
				B3E89AA31BCCE05100C0FB4C /* DataContaining.swift */,
				B3E89AA51BCCE05D00C0FB4C /* SectionType.swift */,
				B3E89A9F1BCCDFF600C0FB4C /* EmptyCheckable.swift */,
				B3E89AA11BCCE02E00C0FB4C /* Loadable.swift */,
				B3E89AA81BCCE0D500C0FB4C /* Sectionable.swift */,
				B3578A331C32B92A00D1E340 /* TableViewDataSource.swift */,
				B3E89AAA1BCCE10F00C0FB4C /* TableViewDataSourceable.swift */,
				B3578A3A1C32BE6A00D1E340 /* CollectionViewDataSource.swift */,
				B3E89AAC1BCCE16A00C0FB4C /* CollectionViewDataSourceable.swift */,
			);
			name = Protocols;
			sourceTree = "<group>";
		};
		B3E89AB21BCCEABD00C0FB4C /* Frameworks */ = {
			isa = PBXGroup;
			children = (
				B3E89AB31BCCEAD300C0FB4C /* Quick.framework */,
				B3E89AB51BCCED6B00C0FB4C /* Nimble.framework */,
			);
			name = Frameworks;
			path = ../DataSourceable;
			sourceTree = "<group>";
		};
/* End PBXGroup section */

/* Begin PBXHeadersBuildPhase section */
		B3E89A801BCCDFB900C0FB4C /* Headers */ = {
			isa = PBXHeadersBuildPhase;
			buildActionMask = 2147483647;
			files = (
				B3E89A871BCCDFB900C0FB4C /* DataSourceable.h in Headers */,
			);
			runOnlyForDeploymentPostprocessing = 0;
		};
/* End PBXHeadersBuildPhase section */

/* Begin PBXNativeTarget section */
		B3E89A821BCCDFB900C0FB4C /* DataSourceable */ = {
			isa = PBXNativeTarget;
			buildConfigurationList = B3E89A971BCCDFBA00C0FB4C /* Build configuration list for PBXNativeTarget "DataSourceable" */;
			buildPhases = (
				B3E89A7E1BCCDFB900C0FB4C /* Sources */,
				B3E89A7F1BCCDFB900C0FB4C /* Frameworks */,
				B3E89A801BCCDFB900C0FB4C /* Headers */,
				B3E89A811BCCDFB900C0FB4C /* Resources */,
			);
			buildRules = (
			);
			dependencies = (
			);
			name = DataSourceable;
			productName = DataSourceable;
			productReference = B3E89A831BCCDFB900C0FB4C /* DataSourceable.framework */;
			productType = "com.apple.product-type.framework";
		};
		B3E89A8C1BCCDFBA00C0FB4C /* DataSourceableTests */ = {
			isa = PBXNativeTarget;
			buildConfigurationList = B3E89A9A1BCCDFBA00C0FB4C /* Build configuration list for PBXNativeTarget "DataSourceableTests" */;
			buildPhases = (
				B3E89A891BCCDFBA00C0FB4C /* Sources */,
				B3E89A8A1BCCDFBA00C0FB4C /* Frameworks */,
				B3E89A8B1BCCDFBA00C0FB4C /* Resources */,
				B3E89AB91BCCEDAB00C0FB4C /* Carthage */,
			);
			buildRules = (
			);
			dependencies = (
				B3E89A901BCCDFBA00C0FB4C /* PBXTargetDependency */,
			);
			name = DataSourceableTests;
			productName = DataSourceableTests;
			productReference = B3E89A8D1BCCDFBA00C0FB4C /* DataSourceableTests.xctest */;
			productType = "com.apple.product-type.bundle.unit-test";
		};
/* End PBXNativeTarget section */

/* Begin PBXProject section */
		B3E89A7A1BCCDFB900C0FB4C /* Project object */ = {
			isa = PBXProject;
			attributes = {
				LastSwiftUpdateCheck = 0700;
				LastUpgradeCheck = 0700;
				ORGANIZATIONNAME = "Zeker Waar";
				TargetAttributes = {
					B3E89A821BCCDFB900C0FB4C = {
						CreatedOnToolsVersion = 7.0.1;
					};
					B3E89A8C1BCCDFBA00C0FB4C = {
						CreatedOnToolsVersion = 7.0.1;
					};
				};
			};
			buildConfigurationList = B3E89A7D1BCCDFB900C0FB4C /* Build configuration list for PBXProject "DataSourceable" */;
			compatibilityVersion = "Xcode 3.2";
			developmentRegion = English;
			hasScannedForEncodings = 0;
			knownRegions = (
				en,
			);
			mainGroup = B3E89A791BCCDFB900C0FB4C;
			productRefGroup = B3E89A841BCCDFB900C0FB4C /* Products */;
			projectDirPath = "";
			projectRoot = "";
			targets = (
				B3E89A821BCCDFB900C0FB4C /* DataSourceable */,
				B3E89A8C1BCCDFBA00C0FB4C /* DataSourceableTests */,
			);
		};
/* End PBXProject section */

/* Begin PBXResourcesBuildPhase section */
		B3E89A811BCCDFB900C0FB4C /* Resources */ = {
			isa = PBXResourcesBuildPhase;
			buildActionMask = 2147483647;
			files = (
			);
			runOnlyForDeploymentPostprocessing = 0;
		};
		B3E89A8B1BCCDFBA00C0FB4C /* Resources */ = {
			isa = PBXResourcesBuildPhase;
			buildActionMask = 2147483647;
			files = (
			);
			runOnlyForDeploymentPostprocessing = 0;
		};
/* End PBXResourcesBuildPhase section */

/* Begin PBXShellScriptBuildPhase section */
		B3E89AB91BCCEDAB00C0FB4C /* Carthage */ = {
			isa = PBXShellScriptBuildPhase;
			buildActionMask = 2147483647;
			files = (
			);
			inputPaths = (
				"$(SRCROOT)/Carthage/Build/iOS/Quick.framework",
				"$(SRCROOT)/Carthage/Build/iOS/Nimble.framework",
			);
			name = Carthage;
			outputPaths = (
			);
			runOnlyForDeploymentPostprocessing = 0;
			shellPath = /bin/sh;
			shellScript = "/usr/local/bin/carthage copy-frameworks";
		};
/* End PBXShellScriptBuildPhase section */

/* Begin PBXSourcesBuildPhase section */
		B3E89A7E1BCCDFB900C0FB4C /* Sources */ = {
			isa = PBXSourcesBuildPhase;
			buildActionMask = 2147483647;
			files = (
				B3E89AA41BCCE05100C0FB4C /* DataContaining.swift in Sources */,
				B3578A391C32B9DC00D1E340 /* TableViewDataSourceProxy.swift in Sources */,
				B3E89AA61BCCE05D00C0FB4C /* SectionType.swift in Sources */,
				B3E89AA91BCCE0D500C0FB4C /* Sectionable.swift in Sources */,
				B3E89AAD1BCCE16A00C0FB4C /* CollectionViewDataSourceable.swift in Sources */,
				B3E89AA21BCCE02E00C0FB4C /* Loadable.swift in Sources */,
				B3CC84F11BD8C8160099CE3B /* UITableView.swift in Sources */,
				B3578A341C32B92A00D1E340 /* TableViewDataSource.swift in Sources */,
				B3578A3D1C32C0E900D1E340 /* CollectionViewDataSourceProxy.swift in Sources */,
				B3578A421C32C65A00D1E340 /* ElementsContaining.swift in Sources */,
				B3578A3B1C32BE6A00D1E340 /* CollectionViewDataSource.swift in Sources */,
				B3E89AA01BCCDFF600C0FB4C /* EmptyCheckable.swift in Sources */,
				B3E89AAB1BCCE10F00C0FB4C /* TableViewDataSourceable.swift in Sources */,
				B3E89A9E1BCCDFD800C0FB4C /* State.swift in Sources */,
			);
			runOnlyForDeploymentPostprocessing = 0;
		};
		B3E89A891BCCDFBA00C0FB4C /* Sources */ = {
			isa = PBXSourcesBuildPhase;
			buildActionMask = 2147483647;
			files = (
				B3E89AAF1BCCE1E300C0FB4C /* LoadableSpec.swift in Sources */,
				B397D7E91BCD7393007687CD /* DataSourceTypeSpec.swift in Sources */,
				B33448D71BD00A0000CC9D93 /* TableViewDataSourceableSpec.swift in Sources */,
				B34ADF0C1BCD7622007CE244 /* SectionTypeSpec.swift in Sources */,
				B3AF7ECB1BD7E9A700EA4D88 /* CollectionViewDataSourceableSpec.swift in Sources */,
				B397D7E71BCD7365007687CD /* SectionableSpec.swift in Sources */,
			);
			runOnlyForDeploymentPostprocessing = 0;
		};
/* End PBXSourcesBuildPhase section */

/* Begin PBXTargetDependency section */
		B3E89A901BCCDFBA00C0FB4C /* PBXTargetDependency */ = {
			isa = PBXTargetDependency;
			target = B3E89A821BCCDFB900C0FB4C /* DataSourceable */;
			targetProxy = B3E89A8F1BCCDFBA00C0FB4C /* PBXContainerItemProxy */;
		};
/* End PBXTargetDependency section */

/* Begin XCBuildConfiguration section */
		B3E89A951BCCDFBA00C0FB4C /* Debug */ = {
			isa = XCBuildConfiguration;
			buildSettings = {
				ALWAYS_SEARCH_USER_PATHS = NO;
				CLANG_CXX_LANGUAGE_STANDARD = "gnu++0x";
				CLANG_CXX_LIBRARY = "libc++";
				CLANG_ENABLE_MODULES = YES;
				CLANG_ENABLE_OBJC_ARC = YES;
				CLANG_WARN_BOOL_CONVERSION = YES;
				CLANG_WARN_CONSTANT_CONVERSION = YES;
				CLANG_WARN_DIRECT_OBJC_ISA_USAGE = YES_ERROR;
				CLANG_WARN_EMPTY_BODY = YES;
				CLANG_WARN_ENUM_CONVERSION = YES;
				CLANG_WARN_INT_CONVERSION = YES;
				CLANG_WARN_OBJC_ROOT_CLASS = YES_ERROR;
				CLANG_WARN_UNREACHABLE_CODE = YES;
				CLANG_WARN__DUPLICATE_METHOD_MATCH = YES;
				"CODE_SIGN_IDENTITY[sdk=iphoneos*]" = "iPhone Developer";
				COPY_PHASE_STRIP = NO;
				CURRENT_PROJECT_VERSION = 1;
				DEBUG_INFORMATION_FORMAT = dwarf;
				ENABLE_STRICT_OBJC_MSGSEND = YES;
				ENABLE_TESTABILITY = YES;
				GCC_C_LANGUAGE_STANDARD = gnu99;
				GCC_DYNAMIC_NO_PIC = NO;
				GCC_NO_COMMON_BLOCKS = YES;
				GCC_OPTIMIZATION_LEVEL = 0;
				GCC_PREPROCESSOR_DEFINITIONS = (
					"DEBUG=1",
					"$(inherited)",
				);
				GCC_WARN_64_TO_32_BIT_CONVERSION = YES;
				GCC_WARN_ABOUT_RETURN_TYPE = YES_ERROR;
				GCC_WARN_UNDECLARED_SELECTOR = YES;
				GCC_WARN_UNINITIALIZED_AUTOS = YES_AGGRESSIVE;
				GCC_WARN_UNUSED_FUNCTION = YES;
				GCC_WARN_UNUSED_VARIABLE = YES;
				IPHONEOS_DEPLOYMENT_TARGET = 9.0;
				MTL_ENABLE_DEBUG_INFO = YES;
				ONLY_ACTIVE_ARCH = YES;
				SDKROOT = iphoneos;
				SWIFT_OPTIMIZATION_LEVEL = "-Onone";
				TARGETED_DEVICE_FAMILY = "1,2";
				VERSIONING_SYSTEM = "apple-generic";
				VERSION_INFO_PREFIX = "";
			};
			name = Debug;
		};
		B3E89A961BCCDFBA00C0FB4C /* Release */ = {
			isa = XCBuildConfiguration;
			buildSettings = {
				ALWAYS_SEARCH_USER_PATHS = NO;
				CLANG_CXX_LANGUAGE_STANDARD = "gnu++0x";
				CLANG_CXX_LIBRARY = "libc++";
				CLANG_ENABLE_MODULES = YES;
				CLANG_ENABLE_OBJC_ARC = YES;
				CLANG_WARN_BOOL_CONVERSION = YES;
				CLANG_WARN_CONSTANT_CONVERSION = YES;
				CLANG_WARN_DIRECT_OBJC_ISA_USAGE = YES_ERROR;
				CLANG_WARN_EMPTY_BODY = YES;
				CLANG_WARN_ENUM_CONVERSION = YES;
				CLANG_WARN_INT_CONVERSION = YES;
				CLANG_WARN_OBJC_ROOT_CLASS = YES_ERROR;
				CLANG_WARN_UNREACHABLE_CODE = YES;
				CLANG_WARN__DUPLICATE_METHOD_MATCH = YES;
				"CODE_SIGN_IDENTITY[sdk=iphoneos*]" = "iPhone Developer";
				COPY_PHASE_STRIP = NO;
				CURRENT_PROJECT_VERSION = 1;
				DEBUG_INFORMATION_FORMAT = "dwarf-with-dsym";
				ENABLE_NS_ASSERTIONS = NO;
				ENABLE_STRICT_OBJC_MSGSEND = YES;
				GCC_C_LANGUAGE_STANDARD = gnu99;
				GCC_NO_COMMON_BLOCKS = YES;
				GCC_WARN_64_TO_32_BIT_CONVERSION = YES;
				GCC_WARN_ABOUT_RETURN_TYPE = YES_ERROR;
				GCC_WARN_UNDECLARED_SELECTOR = YES;
				GCC_WARN_UNINITIALIZED_AUTOS = YES_AGGRESSIVE;
				GCC_WARN_UNUSED_FUNCTION = YES;
				GCC_WARN_UNUSED_VARIABLE = YES;
				IPHONEOS_DEPLOYMENT_TARGET = 9.0;
				MTL_ENABLE_DEBUG_INFO = NO;
				SDKROOT = iphoneos;
				TARGETED_DEVICE_FAMILY = "1,2";
				VALIDATE_PRODUCT = YES;
				VERSIONING_SYSTEM = "apple-generic";
				VERSION_INFO_PREFIX = "";
			};
			name = Release;
		};
		B3E89A981BCCDFBA00C0FB4C /* Debug */ = {
			isa = XCBuildConfiguration;
			buildSettings = {
				CLANG_ENABLE_MODULES = YES;
				DEFINES_MODULE = YES;
				DYLIB_COMPATIBILITY_VERSION = 1;
				DYLIB_CURRENT_VERSION = 1;
				DYLIB_INSTALL_NAME_BASE = "@rpath";
				INFOPLIST_FILE = DataSourceable/Info.plist;
				INSTALL_PATH = "$(LOCAL_LIBRARY_DIR)/Frameworks";
				IPHONEOS_DEPLOYMENT_TARGET = 8.0;
				LD_RUNPATH_SEARCH_PATHS = "$(inherited) @executable_path/Frameworks @loader_path/Frameworks";
				PRODUCT_BUNDLE_IDENTIFIER = nl.zekerwaar.DataSourceable;
				PRODUCT_NAME = "$(TARGET_NAME)";
				SKIP_INSTALL = YES;
				SWIFT_OPTIMIZATION_LEVEL = "-Onone";
			};
			name = Debug;
		};
		B3E89A991BCCDFBA00C0FB4C /* Release */ = {
			isa = XCBuildConfiguration;
			buildSettings = {
				CLANG_ENABLE_MODULES = YES;
				DEFINES_MODULE = YES;
				DYLIB_COMPATIBILITY_VERSION = 1;
				DYLIB_CURRENT_VERSION = 1;
				DYLIB_INSTALL_NAME_BASE = "@rpath";
				INFOPLIST_FILE = DataSourceable/Info.plist;
				INSTALL_PATH = "$(LOCAL_LIBRARY_DIR)/Frameworks";
				IPHONEOS_DEPLOYMENT_TARGET = 8.0;
				LD_RUNPATH_SEARCH_PATHS = "$(inherited) @executable_path/Frameworks @loader_path/Frameworks";
				PRODUCT_BUNDLE_IDENTIFIER = nl.zekerwaar.DataSourceable;
				PRODUCT_NAME = "$(TARGET_NAME)";
				SKIP_INSTALL = YES;
			};
			name = Release;
		};
		B3E89A9B1BCCDFBA00C0FB4C /* Debug */ = {
			isa = XCBuildConfiguration;
			buildSettings = {
				FRAMEWORK_SEARCH_PATHS = (
					"$(inherited)",
					"$(PROJECT_DIR)/Carthage/Build/iOS",
				);
				INFOPLIST_FILE = DataSourceableTests/Info.plist;
				LD_RUNPATH_SEARCH_PATHS = "$(inherited) @executable_path/Frameworks @loader_path/Frameworks";
				PRODUCT_BUNDLE_IDENTIFIER = nl.zekerwaar.DataSourceableTests;
				PRODUCT_NAME = "$(TARGET_NAME)";
			};
			name = Debug;
		};
		B3E89A9C1BCCDFBA00C0FB4C /* Release */ = {
			isa = XCBuildConfiguration;
			buildSettings = {
				FRAMEWORK_SEARCH_PATHS = (
					"$(inherited)",
					"$(PROJECT_DIR)/Carthage/Build/iOS",
				);
				INFOPLIST_FILE = DataSourceableTests/Info.plist;
				LD_RUNPATH_SEARCH_PATHS = "$(inherited) @executable_path/Frameworks @loader_path/Frameworks";
				PRODUCT_BUNDLE_IDENTIFIER = nl.zekerwaar.DataSourceableTests;
				PRODUCT_NAME = "$(TARGET_NAME)";
			};
			name = Release;
		};
/* End XCBuildConfiguration section */

/* Begin XCConfigurationList section */
		B3E89A7D1BCCDFB900C0FB4C /* Build configuration list for PBXProject "DataSourceable" */ = {
			isa = XCConfigurationList;
			buildConfigurations = (
				B3E89A951BCCDFBA00C0FB4C /* Debug */,
				B3E89A961BCCDFBA00C0FB4C /* Release */,
			);
			defaultConfigurationIsVisible = 0;
			defaultConfigurationName = Release;
		};
		B3E89A971BCCDFBA00C0FB4C /* Build configuration list for PBXNativeTarget "DataSourceable" */ = {
			isa = XCConfigurationList;
			buildConfigurations = (
				B3E89A981BCCDFBA00C0FB4C /* Debug */,
				B3E89A991BCCDFBA00C0FB4C /* Release */,
			);
			defaultConfigurationIsVisible = 0;
			defaultConfigurationName = Release;
		};
		B3E89A9A1BCCDFBA00C0FB4C /* Build configuration list for PBXNativeTarget "DataSourceableTests" */ = {
			isa = XCConfigurationList;
			buildConfigurations = (
				B3E89A9B1BCCDFBA00C0FB4C /* Debug */,
				B3E89A9C1BCCDFBA00C0FB4C /* Release */,
			);
			defaultConfigurationIsVisible = 0;
			defaultConfigurationName = Release;
		};
/* End XCConfigurationList section */
	};
	rootObject = B3E89A7A1BCCDFB900C0FB4C /* Project object */;
}
